{
  "version": 4,
  "terraform_version": "1.5.7",
  "serial": 463,
  "lineage": "2d6b9bc3-73ae-2e0a-9ac3-d35c80bd5ef2",
  "outputs": {},
  "resources": [
    {
      "mode": "data",
      "type": "cloudinit_config",
      "name": "config",
      "provider": "provider[\"registry.terraform.io/hashicorp/cloudinit\"]",
      "instances": [
        {
          "index_key": "ctl-01",
          "schema_version": 0,
          "attributes": {
            "base64_encode": true,
            "boundary": "MIMEBOUNDARY",
            "gzip": true,
            "id": "1359852900",
            "part": [
              {
                "content": "#cloud-config\nwrite_files:\n  - encoding: b64\n    content: LS0tLS1CRUdJTiBSU0EgUFJJVkFURSBLRVktLS0tLQpNSUlFb2dJQkFBS0NBUUVBcWRIcjR6bWl2SFBFaW1DdUs5dnRBVGU0UHZHRXIwTnAvSnhZRGxFUXNyNUNhamg0CnRhanhtWnJqZEFuSldGWFZibVlsMjFzTjFjVVcwbHR4Qis5K2xjNEdOVk5DWnFFNGttcHN5eDJsckY3eENGdkYKUW91MjZKWXVkL1VDVDlJcENZZ1dqUUlHU0M4Z3ExVHpmZ09wbjZyV25MTlNsM1dkTTVUS3RRVDdSWElrZFNVdwprWEZiT2J6OWxzTStVTFdOb3pDSWQyb3NKSGo0ekUwRDNINW9kVTVEcGNXTHVTRzBNbWR4dFdvUU5KalNpUFd0CkhiUmR2Tm1yL3hlcWNBZnpkVWRaeEdmL1ZiWERkaU5abjlUVnY3VXh4QkhFODEyS05VZi9DdmI1YWdEZkVMN3gKaTJiV1hiaHI0alZUYURWcjZNV2w4UTdmQWo3OWdkalFuVUJXYVFJREFRQUJBb0lCQUZVM2tVNnlJbmE5QlZpSApVWCtTMmlqdFJCalo2OEpqYXZFbnA0eHZvNWgrbnlkY2RUNTdxOWx2LzBuQWkzZzNnbVhtL29KSCsvWlU4N0hWCnp5K3pQK3QrdW1EU0NoVWtQQlpGTDVqeHBLeU43QmhNclAxS3pSdUVHWWQ2dkpFL25mWTVnMDk1UDV2RGducFgKbytTTmcvWXFyWTF1OHpnci9obmZSYVYyL1h5SURFRWNRWFRIc2VXVG5uTVFuVUxGVTg4eEw4eXE4QUNUNUdoSwo3QTltNXVrZmNVNmQvZnMvcHN6NVlxdzVJUXNXYnYxeUozL0ZLdWZQSGxvMk56aDMvM2VEQVpVWHZhQmdmMXNvCkZXRnBIdGtyeTNPWE9HYVo5OEhnRjloTDB0d1MwcHpNdnV5cGRHVVFBdDZueUIxTjVyZTRMSy9NQU9kZHF3RWMKMStOUXpmRUNnWUVBMnJ5RWYwR0xKZHRpWXMzRjRIYndUd0pWSVhkeVd2N2tqWUdlTWt1dHp6QWpYbDZ3eDhhcQprZnFMSjd4N1VrUjV1bloxYWpFYktCY2lBbFN1RkErR2lrbjZhNEx2OGg4N2FTbkhwUGQvMlZTaXRSbEkvZ1c3Cnc0VTRDTDNCcjFKeW9uVTVXQTdWWWZUb3c3S25IQmhkd20yN1JNQTl1b3N5SXB2ZVFScHFTRzBDZ1lFQXhzQVMKd0NRS3JodVBxMll0R3RGUjdLNEJMK04rMEUxVnE2aDQ5dTF1a2NnVWUwR0hWRDNWekJ5cE5DdjdyV0VWSHpBZwpiaUNWaTdQQ2p6WllXNGZZWm16VkQ0SmJGTFZHT1V1N2FKd0xhRTR3RGU3MkROcjZZWmhjUytUYTk4QlAreDBxCld0MzRKTlBEYWJSUGZoWGZoaUNxbldqam9kKzRacXg0VkpWTmdHMENnWUI1RVhMOHhKaHlBYlc1SGsveDU2TW0KK0JHS2pvUjdIUzMvck1pVTZoSnY1U01PYnJiR1BJM1ljcVptL2duOEJPNmphRUdnMzBFNnRXTWJpeWMyNzBqMgpiZS92WmUvTlFjQXVldk9IdVgzSUd2SmI3bnphTE80NlVCZ3RybW52MG1Da3p1RklmaDFaTktkSStpOUllNndaCm00YlZqTm9kMEVHVnFsUWdFTERYR1FLQmdCK05ObXpTUysrLzZGcnBhWmVzU3prcmxueW52T1lNb09FVGFjQ3AKaUxnVDcweHg1cTMwOHcvb0xPUmZaeURySEpOSzdKc1BDUzZZWnZhZFJnR2gyelRIYWp1QUVqMkRXWmFXOHpWMApNRXRxdmk0NEZVK05JOXFDZVlTQzNGQWdjNUlGMjBkNW5YOGJMeGFFelduU3h4MWY2alg3Qk1nWjRBaE1zUDJjCmhpVXhBb0dBRmF4bit0OWJsSWpxVWl1aDBzbVNZRmhMQlZQWnZlWUhRRG1RWUVSamt0cHRCZDNYOTVmR25TS2gKaURlMmlQR3l1ZDIrWXU0WC9WakhMaC9NUnJ1K1pYdlBYdzFYd0VxWDkzcThhMW4yODN1bDBSbDkrS0tLT1ZIUgplZWNUakkvQmZYQmYzM21QUktueTN4dUh3NnV3dGEyVDNPWGt5OUlocVlTMWtrSGlaV0E9Ci0tLS0tRU5EIFJTQSBQUklWQVRFIEtFWS0tLS0tCg==\n    path: /root/.ssh/id_rsa\n    permissions: '0400'\n\n",
                "content_type": "text/cloud-config",
                "filename": "init.cfg",
                "merge_type": null
              },
              {
                "content": "#!/bin/bash\n\n\napt update -y\nDEBIAN_FRONTEND=noninteractive apt install -y python3-pip\n\npip3 install ansible git-review\n\nansible-galaxy collection install bodsch.core\nansible-galaxy collection install bodsch.scm\nansible-galaxy role install bodsch.k0s\n",
                "content_type": "text/x-shellscript",
                "filename": null,
                "merge_type": null
              }
            ],
            "rendered": "H4sIAAAAAAAA/5SWTbOjuBWG967q/+B0FrNyNx/mJu6pXlwMAmMjN0IfoM0UINpghNDF2Mb+9anbk0ymZiqpZAnnOXpPHZWqnu2gplpNK/zQ9Zdlf5VTq4tx+ty3cy1+XpbDVYlifHz9GO9i3z0S6L2i/OPi/WtF6/HSDurL0vxkfFh8WKxWv4c+LP51ttde9HBppx9sMU1F1fS1mn5efm9lrYq+/vqxVe30qfp++vjvLjwW6vK9Hle+qgbRqtOX5d/Kdvod8GPkqZ6nz5UcrmJVDep7e/qwiNu+/tNwf/09s7iP7VT/8p5/+bJYLlfL+reQ8mW9WC6Xy+rXmC/LQ2pMh9TcIiIi3LopMfwTAVFEO0BQ6h4Q7aYfTKJhSiQoLRElHXBTA7qEULdiaFed0UvJpJUCFxTM9AS5OEIhlwbEICEPUba7Y/V6S1XDUTADksEHJLAp+pOxVagpVDMxFb1xH1xTKQIGeFtSeYnP4InP4ExpdS9DtE7ai7O35jP0xZF2jscUADCYpiqETu1Fl6rL7dqHgejyPWEbMz7zPctodzCpRz0ZVT7k3BRvhMiQGPGa2/5MQ91zY3Mvz/xBLSfGEl5iU3QYU5LaCFFPpMyXIweQirsemc9bbEUvRzY/cTpRDMSxtLWXsuRR2nCfBoNRd+SOPLiDbNNRTP0qgBkOKUZPF5YMrQUQN0KcfSGhJkAY265pSY8s3JuPg93IikGXK91RhoraF/3B5C3zUVcQpyjPklCV2zRr1knXgKPnP1LDobzdeKLfmTkTPu9oDO3TvsBRS82mLcKdUUhOcoJYdeaQWvc1waJP2GAfmegKCa6URFlOQYR8gBISuaUhtwnhNLYmCpWMyt53Esl1+qop20447uWbANG2kIN19PVbnnFQqlejDvkNstNYKtnlFiIQi/nIZuvwdK8J6578CVVJm+lgbfbp9nJjkqyh0bCt0s7e1sneTkbBTJ8YcKBsShKpA+zRtzp0DzVZ20nfwEq+zqmtU0FoyFhiiU6Dg+X0DFMVe51JPGqhQFwrcNqXjwnjvrqxDDwYBuYx1KpqN0PZ8zSn+eNgNk5KEEAMIgbQrrJoRgPniun7TuaA4tO69u/rOvPXCYEEEjGk98FOsJxgRkfeQwr75MZVfKtC+AKpnMWTRiSDWa7yuSbD82Dwg2A8SYP5FnfOS+HFt9iifkI1ZSFvkl70cQZv245nSLk7EUyPGsNvzN+EOR2co98odJYD9lxDmPG9CjUUijpVgEJKgSs8fq3JbsZn+uAYxeljAxOy6XgIbMTifZxOR5LpHhGoGKFurCIHsfyOjHnPQ6RZFj/RGe1yJYgwNEtp09VUWNCa3hgRErPJFKF+SZjOS4/btdc0VaJHrkCcnsUamnQkZ2qWcphzpkHeTdvckm4JoIk6f0SWHMszb6A/W8fgtIYWwGXX3EmQ3GLJcZGhtPS7Gzcre6sqg2LkYQ9uqzPY12xzpZhmCRaMMU5Ku7JTy9klfdMJy3hAM4IJlmZpQyfNXItTkFYheH9rHjclSLLmmdB4LwyIUjsaBHXnWEoD2SggZ3GAfhTvjfUY+2SmyrcKL3EEBmZhQUUZuSOjYciDrO4ip/IdT5zFgxqUpaF2+V23BYGswCJJLP3CpMxgwDnrzRfaJUbaRwEGPMQmNaEF9sKYG4R/JNtxh47V+Z1tzuQxkRx360S+jrXnzlspjPiJ9li6fs6ilAR8YAEfCgLnUoq3ot90+ycqquxk0E4z3Isw9t/vdmci2sTHsNkXoXRzWZlpcLnVHrEwM/Z7IwpTS9/IWezIM75Vnakp5kOqcpMY5rdcRS0y3Sg25bmiejpY4nr0o2+w1w0iQsVPF0CFMswiXbP4AZ/uW3zSLU83FuvJDUtwTjIqRbfZCXp6pkRYab+zS6Ub7P/dgJJuuY0eJXOsODC9wtYm6mRfeKDA3dSl6aSPREqoRLHtDSOX/A33my72aUgVuBAmAPZRjkxwSHqx3RvOscw0Jo/LeHjyoFJuw3r6JLYeq36+1syxsClhaWwADcA5sV/3BZkV9ap7HZ7MCsf3Y1jdSmP+Rnpe1AQ9Ul8f06fYV6brkSfnTPGGg0gh6/SoJdrlTJsJoW9xhzLWg+wYaha/aogyNIu+M6DP6d5womMGPE4lTp4wSJg4QyKD+Ox2kDn5MYjiOgCgluJK7GYds9wq5MlOOlOxM3IL33wSLzpv+0bTrHFLQ7ioB+uynYwjiy4p0zNl0iw891lSyFHfxInkCVNcMtIgFJiIEZoW/WRUIdpyD+ZHTHtkOTi1TvuCIBn3MkG2NLm3G1lGDLbdsKJr4mK7gURF5t7UuZBuLp4gFwadmdc9K9w0MVs/jh40S89NS68b39UAm3xHTlpyBknRdbek53nS58/YMhPSTdcaw7UgjQ0VtUXgP6gHv7Fgco5EDhWVOGbTmAayoIa/2bbGD99AxPF3IMJJ6iakkyyhCOz8CbD01/r29PXrD5PRxdR8WX4eh2H6/OlyaT634pfxUvxaq8e+vbyb0uXL8idjbRg/Lf6Lyv0/UjavLk0t5aUaWz39Jyv7y+eyVZ/L4tIsFotCT8urFsVUL1ePhee7u1f4C0BHiH3ofVWDatVUj0U1tbd6+Q636jIVUi5Xj6V+TM2g7JVu9WKhW23/VizUpS1lvTy102qsb219Xyz++W91KmQxP5bVIGVdvQvqb13lIC5V86kaxvp/py9V/0d4HGT9R6wzLn/a8Wr1YfGPAAAA//9Xo3h1jQsAAA=="
          },
          "sensitive_attributes": []
        }
      ]
    },
    {
      "mode": "data",
      "type": "openstack_networking_network_v2",
      "name": "public",
      "provider": "provider[\"registry.terraform.io/terraform-provider-openstack/openstack\"]",
      "instances": [
        {
          "schema_version": 0,
          "attributes": {
            "admin_state_up": "true",
            "all_tags": [],
            "availability_zone_hints": [],
            "description": "gman",
            "dns_domain": "",
            "external": true,
            "id": "bf6b85a1-39db-4582-b0d1-f4291dddb9cf",
            "matching_subnet_cidr": null,
            "mtu": 1500,
            "name": "public",
            "network_id": null,
            "region": "RegionOne",
            "segments": [],
            "shared": "false",
            "status": null,
            "subnets": [
              "5387134f-c1f0-410b-a7d4-e896f89deb13"
            ],
            "tags": null,
            "tenant_id": "10479799101a4fe4ada17daa105707c5",
            "transparent_vlan": false
          },
          "sensitive_attributes": []
        }
      ]
    },
    {
      "mode": "managed",
      "type": "openstack_compute_instance_v2",
      "name": "controller",
      "provider": "provider[\"registry.terraform.io/terraform-provider-openstack/openstack\"]",
      "instances": [
        {
          "index_key": "ctl-01",
          "schema_version": 0,
          "attributes": {
            "access_ip_v4": "10.10.11.88",
            "access_ip_v6": "",
            "admin_pass": null,
            "all_metadata": {},
            "all_tags": [],
            "availability_zone": "nova",
            "availability_zone_hints": null,
            "block_device": [],
            "config_drive": null,
            "created": "2024-09-28 13:57:51 +0000 UTC",
            "flavor_id": "456f1ca1-2f21-4a1a-9dea-645ea25dd89b",
            "flavor_name": "mosk.s.ucp",
            "floating_ip": null,
            "force_delete": false,
            "id": "e2ef4c90-b802-45e8-967a-00fdfc18a385",
            "image_id": "e76363e2-c212-48d3-9373-678a70bd265e",
            "image_name": "jammy-server-cloudimg-amd64-20240417",
            "key_pair": "oc-virtual-lab-key",
            "metadata": null,
            "name": "oc-virtual-lab-server-ctl-01",
            "network": [
              {
                "access_network": false,
                "fixed_ip_v4": "10.10.11.88",
                "fixed_ip_v6": "",
                "floating_ip": "",
                "mac": "fa:16:3e:86:7b:32",
                "name": "oc-virtual-lab-network-lcm",
                "port": "ee6f76b9-e2a6-42d9-8bb0-51b979f9e381",
                "uuid": "46983f6e-4ef1-4f0b-9e20-a35546fa60ac"
              }
            ],
            "network_mode": null,
            "personality": [],
            "power_state": "active",
            "region": "RegionOne",
            "scheduler_hints": [],
            "security_groups": [],
            "stop_before_destroy": false,
            "tags": null,
            "timeouts": null,
            "updated": "2024-09-28 13:58:14 +0000 UTC",
            "user_data": "0841aab2cf7e76d74a30c25c9541263c80a73285",
            "vendor_options": [],
            "volume": []
          },
          "sensitive_attributes": [],
          "private": "eyJlMmJmYjczMC1lY2FhLTExZTYtOGY4OC0zNDM2M2JjN2M0YzAiOnsiY3JlYXRlIjoxODAwMDAwMDAwMDAwLCJkZWxldGUiOjE4MDAwMDAwMDAwMDAsInVwZGF0ZSI6MTgwMDAwMDAwMDAwMH19",
          "dependencies": [
            "data.cloudinit_config.config",
            "data.openstack_networking_network_v2.public",
            "openstack_compute_keypair_v2.user_key",
            "openstack_networking_floatingip_v2.controller",
            "openstack_networking_network_v2.lcm",
            "openstack_networking_port_v2.controller",
            "openstack_networking_router_interface_v2.lcm",
            "openstack_networking_router_v2.generic",
            "openstack_networking_subnet_v2.lcm"
          ]
        }
      ]
    },
    {
      "mode": "managed",
      "type": "openstack_compute_keypair_v2",
      "name": "user_key",
      "provider": "provider[\"registry.terraform.io/terraform-provider-openstack/openstack\"]",
      "instances": [
        {
          "schema_version": 0,
          "attributes": {
            "fingerprint": "9c:3f:df:46:68:8d:06:4b:d9:65:8e:b1:5e:08:f5:e3",
            "id": "oc-virtual-lab-key",
            "name": "oc-virtual-lab-key",
            "private_key": "",
            "public_key": "ssh-rsa AAAAB3NzaC1yc2EAAAADAQABAAABAQCp0evjOaK8c8SKYK4r2+0BN7g+8YSvQ2n8nFgOURCyvkJqOHi1qPGZmuN0CclYVdVuZiXbWw3VxRbSW3EH736VzgY1U0JmoTiSamzLHaWsXvEIW8VCi7boli539QJP0ikJiBaNAgZILyCrVPN+A6mfqtacs1KXdZ0zlMq1BPtFciR1JTCRcVs5vP2Wwz5QtY2jMIh3aiwkePjMTQPcfmh1TkOlxYu5IbQyZ3G1ahA0mNKI9a0dtF282av/F6pwB/N1R1nEZ/9VtcN2I1mf1NW/tTHEEcTzXYo1R/8K9vlqAN8QvvGLZtZduGviNVNoNWvoxaXxDt8CPv2B2NCdQFZp",
            "region": "RegionOne",
            "user_id": "",
            "value_specs": null
          },
          "sensitive_attributes": [],
          "private": "bnVsbA=="
        }
      ]
    },
    {
      "mode": "managed",
      "type": "openstack_networking_floatingip_v2",
      "name": "controller",
      "provider": "provider[\"registry.terraform.io/terraform-provider-openstack/openstack\"]",
      "instances": [
        {
          "index_key": "ctl-01",
          "schema_version": 0,
          "attributes": {
            "address": "172.19.115.158",
            "all_tags": [],
            "description": "",
            "dns_domain": "",
            "dns_name": "",
            "fixed_ip": "10.10.11.88",
            "id": "7ec22421-dc11-468f-bb36-9d5c6bd404bf",
            "pool": "public",
            "port_id": "ee6f76b9-e2a6-42d9-8bb0-51b979f9e381",
            "region": "RegionOne",
            "subnet_id": null,
            "subnet_ids": null,
            "tags": null,
            "tenant_id": "2b1d2e02b738439eb217ea4bd2c44b7b",
            "timeouts": null,
            "value_specs": null
          },
          "sensitive_attributes": [],
          "private": "eyJlMmJmYjczMC1lY2FhLTExZTYtOGY4OC0zNDM2M2JjN2M0YzAiOnsiY3JlYXRlIjo2MDAwMDAwMDAwMDAsImRlbGV0ZSI6NjAwMDAwMDAwMDAwfX0=",
          "dependencies": [
            "data.openstack_networking_network_v2.public",
            "openstack_networking_network_v2.lcm",
            "openstack_networking_port_v2.controller",
            "openstack_networking_router_interface_v2.lcm",
            "openstack_networking_router_v2.generic",
            "openstack_networking_subnet_v2.lcm"
          ]
        }
      ]
    },
    {
      "mode": "managed",
      "type": "openstack_networking_network_v2",
      "name": "lcm",
      "provider": "provider[\"registry.terraform.io/terraform-provider-openstack/openstack\"]",
      "instances": [
        {
          "schema_version": 0,
          "attributes": {
            "admin_state_up": true,
            "all_tags": [],
            "availability_zone_hints": [],
            "description": "",
            "dns_domain": "",
            "external": false,
            "id": "46983f6e-4ef1-4f0b-9e20-a35546fa60ac",
            "mtu": 9050,
            "name": "oc-virtual-lab-network-lcm",
            "port_security_enabled": true,
            "qos_policy_id": "",
            "region": "RegionOne",
            "segments": [],
            "shared": false,
            "tags": null,
            "tenant_id": "2b1d2e02b738439eb217ea4bd2c44b7b",
            "timeouts": null,
            "transparent_vlan": false,
            "value_specs": null
          },
          "sensitive_attributes": [],
          "private": "eyJlMmJmYjczMC1lY2FhLTExZTYtOGY4OC0zNDM2M2JjN2M0YzAiOnsiY3JlYXRlIjo2MDAwMDAwMDAwMDAsImRlbGV0ZSI6NjAwMDAwMDAwMDAwfX0="
        }
      ]
    },
    {
      "mode": "managed",
      "type": "openstack_networking_port_v2",
      "name": "controller",
      "provider": "provider[\"registry.terraform.io/terraform-provider-openstack/openstack\"]",
      "instances": [
        {
          "index_key": "ctl-01",
          "schema_version": 0,
          "attributes": {
            "admin_state_up": true,
            "all_fixed_ips": [
              "10.10.11.88"
            ],
            "all_security_group_ids": [],
            "all_tags": [],
            "allowed_address_pairs": [],
            "binding": [
              {
                "host_id": "",
                "profile": "",
                "vif_details": {},
                "vif_type": "",
                "vnic_type": "normal"
              }
            ],
            "description": "",
            "device_id": "",
            "device_owner": "",
            "dns_assignment": [
              {
                "fqdn": "host-10-10-11-88.openstack.internal.",
                "hostname": "host-10-10-11-88",
                "ip_address": "10.10.11.88"
              }
            ],
            "dns_name": "",
            "extra_dhcp_option": [],
            "fixed_ip": [
              {
                "ip_address": "",
                "subnet_id": "4d237436-93d8-47a8-840b-93e2eca408a6"
              }
            ],
            "id": "ee6f76b9-e2a6-42d9-8bb0-51b979f9e381",
            "mac_address": "fa:16:3e:86:7b:32",
            "name": "oc-virtual-lab-port-ctl-01",
            "network_id": "46983f6e-4ef1-4f0b-9e20-a35546fa60ac",
            "no_fixed_ip": null,
            "no_security_groups": null,
            "port_security_enabled": false,
            "qos_policy_id": "",
            "region": "RegionOne",
            "security_group_ids": null,
            "tags": null,
            "tenant_id": "2b1d2e02b738439eb217ea4bd2c44b7b",
            "timeouts": null,
            "value_specs": null
          },
          "sensitive_attributes": [],
          "private": "eyJlMmJmYjczMC1lY2FhLTExZTYtOGY4OC0zNDM2M2JjN2M0YzAiOnsiY3JlYXRlIjo2MDAwMDAwMDAwMDAsImRlbGV0ZSI6NjAwMDAwMDAwMDAwfX0=",
          "dependencies": [
            "openstack_networking_network_v2.lcm",
            "openstack_networking_subnet_v2.lcm"
          ]
        }
      ]
    },
    {
      "mode": "managed",
      "type": "openstack_networking_router_interface_v2",
      "name": "lcm",
      "provider": "provider[\"registry.terraform.io/terraform-provider-openstack/openstack\"]",
      "instances": [
        {
          "schema_version": 0,
          "attributes": {
            "force_destroy": false,
            "id": "42f35e4d-c979-4589-863f-d284658c89a9",
            "port_id": "42f35e4d-c979-4589-863f-d284658c89a9",
            "region": "RegionOne",
            "router_id": "014d0b65-038a-4d01-ab20-c60b06aa8756",
            "subnet_id": "4d237436-93d8-47a8-840b-93e2eca408a6",
            "timeouts": null
          },
          "sensitive_attributes": [],
          "private": "eyJlMmJmYjczMC1lY2FhLTExZTYtOGY4OC0zNDM2M2JjN2M0YzAiOnsiY3JlYXRlIjo2MDAwMDAwMDAwMDAsImRlbGV0ZSI6NjAwMDAwMDAwMDAwfX0=",
          "dependencies": [
            "data.openstack_networking_network_v2.public",
            "openstack_networking_network_v2.lcm",
            "openstack_networking_router_v2.generic",
            "openstack_networking_subnet_v2.lcm"
          ]
        }
      ]
    },
    {
      "mode": "managed",
      "type": "openstack_networking_router_v2",
      "name": "generic",
      "provider": "provider[\"registry.terraform.io/terraform-provider-openstack/openstack\"]",
      "instances": [
        {
          "schema_version": 0,
          "attributes": {
            "admin_state_up": true,
            "all_tags": [],
            "availability_zone_hints": [],
            "description": "",
            "distributed": false,
            "enable_snat": true,
            "external_fixed_ip": [
              {
                "ip_address": "172.19.115.56",
                "subnet_id": "5387134f-c1f0-410b-a7d4-e896f89deb13"
              }
            ],
            "external_gateway": "bf6b85a1-39db-4582-b0d1-f4291dddb9cf",
            "external_network_id": "bf6b85a1-39db-4582-b0d1-f4291dddb9cf",
            "external_subnet_ids": null,
            "id": "014d0b65-038a-4d01-ab20-c60b06aa8756",
            "name": "oc-virtual-lab-router",
            "region": "RegionOne",
            "tags": null,
            "tenant_id": "2b1d2e02b738439eb217ea4bd2c44b7b",
            "timeouts": null,
            "value_specs": null,
            "vendor_options": []
          },
          "sensitive_attributes": [],
          "private": "eyJlMmJmYjczMC1lY2FhLTExZTYtOGY4OC0zNDM2M2JjN2M0YzAiOnsiY3JlYXRlIjo2MDAwMDAwMDAwMDAsImRlbGV0ZSI6NjAwMDAwMDAwMDAwfX0=",
          "dependencies": [
            "data.openstack_networking_network_v2.public"
          ]
        }
      ]
    },
    {
      "mode": "managed",
      "type": "openstack_networking_subnet_v2",
      "name": "lcm",
      "provider": "provider[\"registry.terraform.io/terraform-provider-openstack/openstack\"]",
      "instances": [
        {
          "schema_version": 0,
          "attributes": {
            "all_tags": [],
            "allocation_pool": [
              {
                "end": "10.10.11.254",
                "start": "10.10.11.2"
              }
            ],
            "allocation_pools": [
              {
                "end": "10.10.11.254",
                "start": "10.10.11.2"
              }
            ],
            "cidr": "10.10.11.0/24",
            "description": "",
            "dns_nameservers": [],
            "enable_dhcp": true,
            "gateway_ip": "10.10.11.1",
            "host_routes": [],
            "id": "4d237436-93d8-47a8-840b-93e2eca408a6",
            "ip_version": 4,
            "ipv6_address_mode": "",
            "ipv6_ra_mode": "",
            "name": "oc-virtual-lab-subnet-lcm",
            "network_id": "46983f6e-4ef1-4f0b-9e20-a35546fa60ac",
            "no_gateway": false,
            "prefix_length": null,
            "region": "RegionOne",
            "service_types": [],
            "subnetpool_id": "",
            "tags": null,
            "tenant_id": "2b1d2e02b738439eb217ea4bd2c44b7b",
            "timeouts": null,
            "value_specs": null
          },
          "sensitive_attributes": [],
          "private": "eyJlMmJmYjczMC1lY2FhLTExZTYtOGY4OC0zNDM2M2JjN2M0YzAiOnsiY3JlYXRlIjo2MDAwMDAwMDAwMDAsImRlbGV0ZSI6NjAwMDAwMDAwMDAwfX0=",
          "dependencies": [
            "openstack_networking_network_v2.lcm"
          ]
        }
      ]
    }
  ],
  "check_results": null
}
